
Microsoft Visual Studio Solution File, Format Version 12.00
# Visual Studio Version 17
VisualStudioVersion = 17.13.35919.96 d17.13
MinimumVisualStudioVersion = 10.0.40219.1
Project("{FAE04EC0-301F-11D3-BF4B-00C04F79EFBC}") = "MathTaskClassLibrary", "MathTaskClassLibrary\MathTaskClassLibrary.csproj", "{33E6F42E-98A2-41E4-85AB-81A09D18113A}"
EndProject
Project("{FAE04EC0-301F-11D3-BF4B-00C04F79EFBC}") = "MathTaskClassLibraryTests", "MathTaskClassLibraryTests\MathTaskClassLibraryTests.csproj", "{22558125-D58C-4947-A5FE-A7A3B211F138}"
EndProject
Global
	GlobalSection(SolutionConfigurationPlatforms) = preSolution
		Debug|Any CPU = Debug|Any CPU
		Release|Any CPU = Release|Any CPU
	EndGlobalSection
	GlobalSection(ProjectConfigurationPlatforms) = postSolution
		{33E6F42E-98A2-41E4-85AB-81A09D18113A}.Debug|Any CPU.ActiveCfg = Debug|Any CPU
		{33E6F42E-98A2-41E4-85AB-81A09D18113A}.Debug|Any CPU.Build.0 = Debug|Any CPU
		{33E6F42E-98A2-41E4-85AB-81A09D18113A}.Release|Any CPU.ActiveCfg = Release|Any CPU
		{33E6F42E-98A2-41E4-85AB-81A09D18113A}.Release|Any CPU.Build.0 = Release|Any CPU
		{22558125-D58C-4947-A5FE-A7A3B211F138}.Debug|Any CPU.ActiveCfg = Debug|Any CPU
		{22558125-D58C-4947-A5FE-A7A3B211F138}.Debug|Any CPU.Build.0 = Debug|Any CPU
		{22558125-D58C-4947-A5FE-A7A3B211F138}.Release|Any CPU.ActiveCfg = Release|Any CPU
		{22558125-D58C-4947-A5FE-A7A3B211F138}.Release|Any CPU.Build.0 = Release|Any CPU
	EndGlobalSection
	GlobalSection(SolutionProperties) = preSolution
		HideSolutionNode = FALSE
	EndGlobalSection
	GlobalSection(ExtensibilityGlobals) = postSolution
		SolutionGuid = {04C49822-19A9-4C62-B816-7DA292EE19C3}
	EndGlobalSection
EndGlobal
