
Microsoft Visual Studio Solution File, Format Version 12.00
# Visual Studio Version 17
VisualStudioVersion = 17.13.35919.96 d17.13
MinimumVisualStudioVersion = 10.0.40219.1
Project("{FAE04EC0-301F-11D3-BF4B-00C04F79EFBC}") = "Lab6.1", "Lab6.1\Lab6.1.csproj", "{C40C067C-3775-4D4C-85F4-DED9819EF1C8}"
EndProject
Project("{FAE04EC0-301F-11D3-BF4B-00C04F79EFBC}") = "Lab6.1Test", "Lab6.1Test\Lab6.1Test.csproj", "{B672AA29-0E82-4812-AE8A-FBC6E4BE8818}"
EndProject
Global
	GlobalSection(SolutionConfigurationPlatforms) = preSolution
		Debug|Any CPU = Debug|Any CPU
		Release|Any CPU = Release|Any CPU
	EndGlobalSection
	GlobalSection(ProjectConfigurationPlatforms) = postSolution
		{C40C067C-3775-4D4C-85F4-DED9819EF1C8}.Debug|Any CPU.ActiveCfg = Debug|Any CPU
		{C40C067C-3775-4D4C-85F4-DED9819EF1C8}.Debug|Any CPU.Build.0 = Debug|Any CPU
		{C40C067C-3775-4D4C-85F4-DED9819EF1C8}.Release|Any CPU.ActiveCfg = Release|Any CPU
		{C40C067C-3775-4D4C-85F4-DED9819EF1C8}.Release|Any CPU.Build.0 = Release|Any CPU
		{B672AA29-0E82-4812-AE8A-FBC6E4BE8818}.Debug|Any CPU.ActiveCfg = Debug|Any CPU
		{B672AA29-0E82-4812-AE8A-FBC6E4BE8818}.Debug|Any CPU.Build.0 = Debug|Any CPU
		{B672AA29-0E82-4812-AE8A-FBC6E4BE8818}.Release|Any CPU.ActiveCfg = Release|Any CPU
		{B672AA29-0E82-4812-AE8A-FBC6E4BE8818}.Release|Any CPU.Build.0 = Release|Any CPU
	EndGlobalSection
	GlobalSection(SolutionProperties) = preSolution
		HideSolutionNode = FALSE
	EndGlobalSection
	GlobalSection(ExtensibilityGlobals) = postSolution
		SolutionGuid = {50ADCD40-F190-47C3-8A2B-56BD224FC36A}
	EndGlobalSection
EndGlobal
