
Microsoft Visual Studio Solution File, Format Version 12.00
# Visual Studio Version 17
VisualStudioVersion = 17.13.35919.96 d17.13
MinimumVisualStudioVersion = 10.0.40219.1
Project("{FAE04EC0-301F-11D3-BF4B-00C04F79EFBC}") = "Lab6.5", "Lab6.5\Lab6.5.csproj", "{4D25F04D-27D4-4A54-9D57-E9B3E7599F05}"
EndProject
Project("{FAE04EC0-301F-11D3-BF4B-00C04F79EFBC}") = "Lab6.5Test", "Lab6.5Test\Lab6.5Test.csproj", "{6694BC80-0A0F-4EF3-AC85-FD1910D8EC2A}"
EndProject
Global
	GlobalSection(SolutionConfigurationPlatforms) = preSolution
		Debug|Any CPU = Debug|Any CPU
		Release|Any CPU = Release|Any CPU
	EndGlobalSection
	GlobalSection(ProjectConfigurationPlatforms) = postSolution
		{4D25F04D-27D4-4A54-9D57-E9B3E7599F05}.Debug|Any CPU.ActiveCfg = Debug|Any CPU
		{4D25F04D-27D4-4A54-9D57-E9B3E7599F05}.Debug|Any CPU.Build.0 = Debug|Any CPU
		{4D25F04D-27D4-4A54-9D57-E9B3E7599F05}.Release|Any CPU.ActiveCfg = Release|Any CPU
		{4D25F04D-27D4-4A54-9D57-E9B3E7599F05}.Release|Any CPU.Build.0 = Release|Any CPU
		{6694BC80-0A0F-4EF3-AC85-FD1910D8EC2A}.Debug|Any CPU.ActiveCfg = Debug|Any CPU
		{6694BC80-0A0F-4EF3-AC85-FD1910D8EC2A}.Debug|Any CPU.Build.0 = Debug|Any CPU
		{6694BC80-0A0F-4EF3-AC85-FD1910D8EC2A}.Release|Any CPU.ActiveCfg = Release|Any CPU
		{6694BC80-0A0F-4EF3-AC85-FD1910D8EC2A}.Release|Any CPU.Build.0 = Release|Any CPU
	EndGlobalSection
	GlobalSection(SolutionProperties) = preSolution
		HideSolutionNode = FALSE
	EndGlobalSection
	GlobalSection(ExtensibilityGlobals) = postSolution
		SolutionGuid = {23641AF2-118A-4981-A6F5-B54B489BD60C}
	EndGlobalSection
EndGlobal
