Microsoft Visual Studio Solution File, Format Version 12.00
# Visual Studio Version 17
VisualStudioVersion = 17.13.35919.96
MinimumVisualStudioVersion = 10.0.40219.1
Project("{FAE04EC0-301F-11D3-BF4B-00C04F79EFBC}") = "Lab", "Lab\Lab.csproj", "{F9A0B463-1932-48BA-887D-1B9268AB747D}"
EndProject
Global
	GlobalSection(SolutionConfigurationPlatforms) = preSolution
		Debug|Any CPU = Debug|Any CPU
		Release|Any CPU = Release|Any CPU
	EndGlobalSection
	GlobalSection(ProjectConfigurationPlatforms) = postSolution
		{F9A0B463-1932-48BA-887D-1B9268AB747D}.Debug|Any CPU.ActiveCfg = Debug|Any CPU
		{F9A0B463-1932-48BA-887D-1B9268AB747D}.Debug|Any CPU.Build.0 = Debug|Any CPU
		{F9A0B463-1932-48BA-887D-1B9268AB747D}.Release|Any CPU.ActiveCfg = Release|Any CPU
		{F9A0B463-1932-48BA-887D-1B9268AB747D}.Release|Any CPU.Build.0 = Release|Any CPU
	EndGlobalSection
	GlobalSection(SolutionProperties) = preSolution
		HideSolutionNode = FALSE
	EndGlobalSection
	GlobalSection(ExtensibilityGlobals) = postSolution
		SolutionGuid = {0DF36F78-8DAD-464A-BDA2-B90C9B601804}
	EndGlobalSection
EndGlobal
